
Microsoft Visual Studio Solution File, Format Version 12.00
# Visual Studio 15
VisualStudioVersion = 15.0.27703.2042
MinimumVisualStudioVersion = 10.0.40219.1
Project("{FAE04EC0-301F-11D3-BF4B-00C04F79EFBC}") = "HomeworkTimer", "HomeworkTimer\HomeworkTimer.csproj", "{312FAAE9-0066-498C-9480-FD7D48FE40D3}"
EndProject
Global
	GlobalSection(SolutionConfigurationPlatforms) = preSolution
		Debug|Any CPU = Debug|Any CPU
		Release|Any CPU = Release|Any CPU
	EndGlobalSection
	GlobalSection(ProjectConfigurationPlatforms) = postSolution
		{312FAAE9-0066-498C-9480-FD7D48FE40D3}.Debug|Any CPU.ActiveCfg = Debug|Any CPU
		{312FAAE9-0066-498C-9480-FD7D48FE40D3}.Debug|Any CPU.Build.0 = Debug|Any CPU
		{312FAAE9-0066-498C-9480-FD7D48FE40D3}.Release|Any CPU.ActiveCfg = Release|Any CPU
		{312FAAE9-0066-498C-9480-FD7D48FE40D3}.Release|Any CPU.Build.0 = Release|Any CPU
	EndGlobalSection
	GlobalSection(SolutionProperties) = preSolution
		HideSolutionNode = FALSE
	EndGlobalSection
	GlobalSection(ExtensibilityGlobals) = postSolution
		SolutionGuid = {76E34734-1F34-4993-B779-60D03BF941D7}
	EndGlobalSection
EndGlobal
